
Microsoft Visual Studio Solution File, Format Version 10.00
# Visual Studio 2008
Project("{FAE04EC0-301F-11D3-BF4B-00C04F79EFBC}") = "Libptx.Edsl.Playground", "Libptx.Edsl.Playground\Libptx.Edsl.Playground.csproj", "{424DB145-36D6-410E-B7FE-CF25B3814117}"
EndProject
Project("{FAE04EC0-301F-11D3-BF4B-00C04F79EFBC}") = "Libptx.Edsl.TextGenerators", "Libptx.Edsl.TextGenerators\Libptx.Edsl.TextGenerators.csproj", "{023CB293-A9AF-49FF-9E5A-8C547630B1DA}"
EndProject
Project("{FAE04EC0-301F-11D3-BF4B-00C04F79EFBC}") = "Libptx.Edsl", "Libptx.Edsl\Libptx.Edsl.csproj", "{144A5193-0D5F-4561-96E2-313AB2A9FC25}"
EndProject
Project("{FAE04EC0-301F-11D3-BF4B-00C04F79EFBC}") = "Libptx", "..\Libptx\Libptx.csproj", "{6272D158-34F7-4DE1-907F-AFFD8E1E28F8}"
EndProject
Project("{FAE04EC0-301F-11D3-BF4B-00C04F79EFBC}") = "XenoGears", "%XENOGEARS%\XenoGears\XenoGears.csproj", "{9435C2AB-D46A-481C-B485-BD74EFAE7D3E}"
EndProject
Project("{FAE04EC0-301F-11D3-BF4B-00C04F79EFBC}") = "XenoGears.Playground", "%XENOGEARS%\XenoGears.Playground\XenoGears.Playground.csproj", "{7AE318A4-F8F5-4B18-B738-0E34B43C99D1}"
EndProject
Global
	GlobalSection(SolutionConfigurationPlatforms) = preSolution
		Debug|Any CPU = Debug|Any CPU
		Release|Any CPU = Release|Any CPU
	EndGlobalSection
	GlobalSection(ProjectConfigurationPlatforms) = postSolution
		{424DB145-36D6-410E-B7FE-CF25B3814117}.Debug|Any CPU.ActiveCfg = Debug|Any CPU
		{424DB145-36D6-410E-B7FE-CF25B3814117}.Debug|Any CPU.Build.0 = Debug|Any CPU
		{424DB145-36D6-410E-B7FE-CF25B3814117}.Release|Any CPU.ActiveCfg = Release|Any CPU
		{424DB145-36D6-410E-B7FE-CF25B3814117}.Release|Any CPU.Build.0 = Release|Any CPU
		{023CB293-A9AF-49FF-9E5A-8C547630B1DA}.Debug|Any CPU.ActiveCfg = Debug|Any CPU
		{023CB293-A9AF-49FF-9E5A-8C547630B1DA}.Debug|Any CPU.Build.0 = Debug|Any CPU
		{023CB293-A9AF-49FF-9E5A-8C547630B1DA}.Release|Any CPU.ActiveCfg = Release|Any CPU
		{023CB293-A9AF-49FF-9E5A-8C547630B1DA}.Release|Any CPU.Build.0 = Release|Any CPU
		{144A5193-0D5F-4561-96E2-313AB2A9FC25}.Debug|Any CPU.ActiveCfg = Debug|Any CPU
		{144A5193-0D5F-4561-96E2-313AB2A9FC25}.Debug|Any CPU.Build.0 = Debug|Any CPU
		{144A5193-0D5F-4561-96E2-313AB2A9FC25}.Release|Any CPU.ActiveCfg = Release|Any CPU
		{144A5193-0D5F-4561-96E2-313AB2A9FC25}.Release|Any CPU.Build.0 = Release|Any CPU
		{6272D158-34F7-4DE1-907F-AFFD8E1E28F8}.Debug|Any CPU.ActiveCfg = Debug|Any CPU
		{6272D158-34F7-4DE1-907F-AFFD8E1E28F8}.Debug|Any CPU.Build.0 = Debug|Any CPU
		{6272D158-34F7-4DE1-907F-AFFD8E1E28F8}.Release|Any CPU.ActiveCfg = Release|Any CPU
		{6272D158-34F7-4DE1-907F-AFFD8E1E28F8}.Release|Any CPU.Build.0 = Release|Any CPU
		{9435C2AB-D46A-481C-B485-BD74EFAE7D3E}.Debug|Any CPU.ActiveCfg = Debug|Any CPU
		{9435C2AB-D46A-481C-B485-BD74EFAE7D3E}.Debug|Any CPU.Build.0 = Debug|Any CPU
		{9435C2AB-D46A-481C-B485-BD74EFAE7D3E}.Release|Any CPU.ActiveCfg = Release|Any CPU
		{9435C2AB-D46A-481C-B485-BD74EFAE7D3E}.Release|Any CPU.Build.0 = Release|Any CPU
		{7AE318A4-F8F5-4B18-B738-0E34B43C99D1}.Debug|Any CPU.ActiveCfg = Debug|Any CPU
		{7AE318A4-F8F5-4B18-B738-0E34B43C99D1}.Debug|Any CPU.Build.0 = Debug|Any CPU
		{7AE318A4-F8F5-4B18-B738-0E34B43C99D1}.Release|Any CPU.ActiveCfg = Release|Any CPU
		{7AE318A4-F8F5-4B18-B738-0E34B43C99D1}.Release|Any CPU.Build.0 = Release|Any CPU
	EndGlobalSection
	GlobalSection(SolutionProperties) = preSolution
		HideSolutionNode = FALSE
	EndGlobalSection
EndGlobal
